
Microsoft Visual Studio Solution File, Format Version 12.00
# Visual Studio Version 16
VisualStudioVersion = 16.0.31229.75
MinimumVisualStudioVersion = 10.0.40219.1
Project("{FAE04EC0-301F-11D3-BF4B-00C04F79EFBC}") = "MSTestProjectLP", "MSTestProjectLP.csproj", "{C0CC6E14-D597-461C-8D62-C7467D64CB33}"
EndProject
Global
	GlobalSection(SolutionConfigurationPlatforms) = preSolution
		Debug|Any CPU = Debug|Any CPU
		Release|Any CPU = Release|Any CPU
	EndGlobalSection
	GlobalSection(ProjectConfigurationPlatforms) = postSolution
		{C0CC6E14-D597-461C-8D62-C7467D64CB33}.Debug|Any CPU.ActiveCfg = Debug|Any CPU
		{C0CC6E14-D597-461C-8D62-C7467D64CB33}.Debug|Any CPU.Build.0 = Debug|Any CPU
		{C0CC6E14-D597-461C-8D62-C7467D64CB33}.Release|Any CPU.ActiveCfg = Release|Any CPU
		{C0CC6E14-D597-461C-8D62-C7467D64CB33}.Release|Any CPU.Build.0 = Release|Any CPU
	EndGlobalSection
	GlobalSection(SolutionProperties) = preSolution
		HideSolutionNode = FALSE
	EndGlobalSection
	GlobalSection(ExtensibilityGlobals) = postSolution
		SolutionGuid = {E444DB40-1D01-4095-98B4-DEECA4401289}
	EndGlobalSection
EndGlobal
